{
  "object": {
    "pins": [
      {
        "package": "Segment",
        "repositoryURL": "https://github.com/segmentio/analytics-ios.git",
        "state": {
          "branch": null,
          "revision": "e353277934e7e964822089bce35108e521f5c583",
          "version": "4.1.1"
        }
      }
    ]
  },
  "version": 1
}
